
Microsoft Visual Studio Solution File, Format Version 12.00
# Visual Studio Version 17
VisualStudioVersion = 17.7.34018.315
MinimumVisualStudioVersion = 10.0.40219.1
Project("{FAE04EC0-301F-11D3-BF4B-00C04F79EFBC}") = "Orbita.BackEnd.Api", "Orbita.BackEnd.Api\Orbita.BackEnd.Api.csproj", "{6F30F628-0CE6-42B3-B525-4279D6831DF6}"
EndProject
Project("{E53339B2-1760-4266-BCC7-CA923CBCF16C}") = "docker-compose", "docker-compose.dcproj", "{AA7EF4C0-81AE-4331-BC90-794BBEA2CE32}"
EndProject
Global
	GlobalSection(SolutionConfigurationPlatforms) = preSolution
		Debug|Any CPU = Debug|Any CPU
		Release|Any CPU = Release|Any CPU
	EndGlobalSection
	GlobalSection(ProjectConfigurationPlatforms) = postSolution
		{6F30F628-0CE6-42B3-B525-4279D6831DF6}.Debug|Any CPU.ActiveCfg = Debug|Any CPU
		{6F30F628-0CE6-42B3-B525-4279D6831DF6}.Debug|Any CPU.Build.0 = Debug|Any CPU
		{6F30F628-0CE6-42B3-B525-4279D6831DF6}.Release|Any CPU.ActiveCfg = Release|Any CPU
		{6F30F628-0CE6-42B3-B525-4279D6831DF6}.Release|Any CPU.Build.0 = Release|Any CPU
		{AA7EF4C0-81AE-4331-BC90-794BBEA2CE32}.Debug|Any CPU.ActiveCfg = Debug|Any CPU
		{AA7EF4C0-81AE-4331-BC90-794BBEA2CE32}.Debug|Any CPU.Build.0 = Debug|Any CPU
		{AA7EF4C0-81AE-4331-BC90-794BBEA2CE32}.Release|Any CPU.ActiveCfg = Release|Any CPU
		{AA7EF4C0-81AE-4331-BC90-794BBEA2CE32}.Release|Any CPU.Build.0 = Release|Any CPU
	EndGlobalSection
	GlobalSection(SolutionProperties) = preSolution
		HideSolutionNode = FALSE
	EndGlobalSection
	GlobalSection(ExtensibilityGlobals) = postSolution
		SolutionGuid = {155AEA7A-74BA-4691-B0AA-D4738F9F985E}
	EndGlobalSection
EndGlobal
